
Microsoft Visual Studio Solution File, Format Version 12.00
# Visual Studio 15
VisualStudioVersion = 15.0.28010.2046
MinimumVisualStudioVersion = 10.0.40219.1
Project("{FAE04EC0-301F-11D3-BF4B-00C04F79EFBC}") = "Movies.Api", "Movies.Api\Movies.Api.csproj", "{BE9F7C5E-3242-4291-838A-E956F7674FB1}"
EndProject
Project("{FAE04EC0-301F-11D3-BF4B-00C04F79EFBC}") = "Movies.Tests", "Movies.Tests\Movies.Tests.csproj", "{1D91E491-1414-4388-86FB-AC28EC20C9B7}"
EndProject
Project("{FAE04EC0-301F-11D3-BF4B-00C04F79EFBC}") = "Movies.Console", "Movies.Console\Movies.Console.csproj", "{49AA4DD5-4F0B-4BB3-BBBF-0C4CA4788946}"
EndProject
Global
	GlobalSection(SolutionConfigurationPlatforms) = preSolution
		Debug|Any CPU = Debug|Any CPU
		Release|Any CPU = Release|Any CPU
	EndGlobalSection
	GlobalSection(ProjectConfigurationPlatforms) = postSolution
		{BE9F7C5E-3242-4291-838A-E956F7674FB1}.Debug|Any CPU.ActiveCfg = Debug|Any CPU
		{BE9F7C5E-3242-4291-838A-E956F7674FB1}.Debug|Any CPU.Build.0 = Debug|Any CPU
		{BE9F7C5E-3242-4291-838A-E956F7674FB1}.Release|Any CPU.ActiveCfg = Release|Any CPU
		{BE9F7C5E-3242-4291-838A-E956F7674FB1}.Release|Any CPU.Build.0 = Release|Any CPU
		{1D91E491-1414-4388-86FB-AC28EC20C9B7}.Debug|Any CPU.ActiveCfg = Debug|Any CPU
		{1D91E491-1414-4388-86FB-AC28EC20C9B7}.Debug|Any CPU.Build.0 = Debug|Any CPU
		{1D91E491-1414-4388-86FB-AC28EC20C9B7}.Release|Any CPU.ActiveCfg = Release|Any CPU
		{1D91E491-1414-4388-86FB-AC28EC20C9B7}.Release|Any CPU.Build.0 = Release|Any CPU
		{49AA4DD5-4F0B-4BB3-BBBF-0C4CA4788946}.Debug|Any CPU.ActiveCfg = Debug|Any CPU
		{49AA4DD5-4F0B-4BB3-BBBF-0C4CA4788946}.Debug|Any CPU.Build.0 = Debug|Any CPU
		{49AA4DD5-4F0B-4BB3-BBBF-0C4CA4788946}.Release|Any CPU.ActiveCfg = Release|Any CPU
		{49AA4DD5-4F0B-4BB3-BBBF-0C4CA4788946}.Release|Any CPU.Build.0 = Release|Any CPU
	EndGlobalSection
	GlobalSection(SolutionProperties) = preSolution
		HideSolutionNode = FALSE
	EndGlobalSection
	GlobalSection(ExtensibilityGlobals) = postSolution
		SolutionGuid = {61068FFB-951E-4F99-BEA5-EB1BFFD68DE4}
	EndGlobalSection
EndGlobal
